// !$*UTF8*$!
{
	archiveVersion = 1;
	classes = {
	};
	objectVersion = 50;
	objects = {

/* Begin PBXBuildFile section */
		A413F89A20FDD66100BE9892 /* AppDelegate.swift in Sources */ = {isa = PBXBuildFile; fileRef = A413F89920FDD66100BE9892 /* AppDelegate.swift */; };
		A413F89C20FDD66100BE9892 /* ViewController.swift in Sources */ = {isa = PBXBuildFile; fileRef = A413F89B20FDD66100BE9892 /* ViewController.swift */; };
		A413F89F20FDD66100BE9892 /* Main.storyboard in Resources */ = {isa = PBXBuildFile; fileRef = A413F89D20FDD66100BE9892 /* Main.storyboard */; };
		A413F8A120FDD66300BE9892 /* Assets.xcassets in Resources */ = {isa = PBXBuildFile; fileRef = A413F8A020FDD66300BE9892 /* Assets.xcassets */; };
		A413F8A420FDD66300BE9892 /* LaunchScreen.storyboard in Resources */ = {isa = PBXBuildFile; fileRef = A413F8A220FDD66300BE9892 /* LaunchScreen.storyboard */; };
		A413F8AC20FDD73C00BE9892 /* EVMCoHelper.swift in Sources */ = {isa = PBXBuildFile; fileRef = A413F8AB20FDD73C00BE9892 /* EVMCoHelper.swift */; };
		A413F8AE20FDDDBC00BE9892 /* TemplateClassData.swift in Sources */ = {isa = PBXBuildFile; fileRef = A413F8AD20FDDDBC00BE9892 /* TemplateClassData.swift */; };
		A413F8B120FDDE6900BE9892 /* DescriptionViewController.swift in Sources */ = {isa = PBXBuildFile; fileRef = A413F8B020FDDE6900BE9892 /* DescriptionViewController.swift */; };
		A413F8B320FDDF1400BE9892 /* ScannerViewController.swift in Sources */ = {isa = PBXBuildFile; fileRef = A413F8B220FDDF1400BE9892 /* ScannerViewController.swift */; };
		A413F8B520FDE1FE00BE9892 /* TableViewController.swift in Sources */ = {isa = PBXBuildFile; fileRef = A413F8B420FDE1FE00BE9892 /* TableViewController.swift */; };
		A48513F520FF108D0078F5D2 /* TableViewDataSource.swift in Sources */ = {isa = PBXBuildFile; fileRef = A48513F420FF108D0078F5D2 /* TableViewDataSource.swift */; };
		A48513FA20FF154B0078F5D2 /* MasterpassQRScanSDK.framework in Frameworks */ = {isa = PBXBuildFile; fileRef = A48513F920FF154B0078F5D2 /* MasterpassQRScanSDK.framework */; };
		A48513FB20FF154B0078F5D2 /* MasterpassQRScanSDK.framework in Embed Frameworks */ = {isa = PBXBuildFile; fileRef = A48513F920FF154B0078F5D2 /* MasterpassQRScanSDK.framework */; settings = {ATTRIBUTES = (CodeSignOnCopy, RemoveHeadersOnCopy, ); }; };
		A48513FF20FF16310078F5D2 /* MPQRScanViewController.swift in Sources */ = {isa = PBXBuildFile; fileRef = A48513FE20FF16310078F5D2 /* MPQRScanViewController.swift */; };
/* End PBXBuildFile section */

/* Begin PBXCopyFilesBuildPhase section */
		A48513FC20FF154B0078F5D2 /* Embed Frameworks */ = {
			isa = PBXCopyFilesBuildPhase;
			buildActionMask = 2147483647;
			dstPath = "";
			dstSubfolderSpec = 10;
			files = (
				A48513FB20FF154B0078F5D2 /* MasterpassQRScanSDK.framework in Embed Frameworks */,
			);
			name = "Embed Frameworks";
			runOnlyForDeploymentPostprocessing = 0;
		};
/* End PBXCopyFilesBuildPhase section */

/* Begin PBXFileReference section */
		A413F89620FDD66100BE9892 /* EMVCQRScanner.app */ = {isa = PBXFileReference; explicitFileType = wrapper.application; includeInIndex = 0; path = EMVCQRScanner.app; sourceTree = BUILT_PRODUCTS_DIR; };
		A413F89920FDD66100BE9892 /* AppDelegate.swift */ = {isa = PBXFileReference; lastKnownFileType = sourcecode.swift; path = AppDelegate.swift; sourceTree = "<group>"; };
		A413F89B20FDD66100BE9892 /* ViewController.swift */ = {isa = PBXFileReference; lastKnownFileType = sourcecode.swift; path = ViewController.swift; sourceTree = "<group>"; };
		A413F89E20FDD66100BE9892 /* Base */ = {isa = PBXFileReference; lastKnownFileType = file.storyboard; name = Base; path = Base.lproj/Main.storyboard; sourceTree = "<group>"; };
		A413F8A020FDD66300BE9892 /* Assets.xcassets */ = {isa = PBXFileReference; lastKnownFileType = folder.assetcatalog; path = Assets.xcassets; sourceTree = "<group>"; };
		A413F8A320FDD66300BE9892 /* Base */ = {isa = PBXFileReference; lastKnownFileType = file.storyboard; name = Base; path = Base.lproj/LaunchScreen.storyboard; sourceTree = "<group>"; };
		A413F8A520FDD66300BE9892 /* Info.plist */ = {isa = PBXFileReference; lastKnownFileType = text.plist.xml; path = Info.plist; sourceTree = "<group>"; };
		A413F8AB20FDD73C00BE9892 /* EVMCoHelper.swift */ = {isa = PBXFileReference; lastKnownFileType = sourcecode.swift; path = EVMCoHelper.swift; sourceTree = "<group>"; };
		A413F8AD20FDDDBC00BE9892 /* TemplateClassData.swift */ = {isa = PBXFileReference; lastKnownFileType = sourcecode.swift; path = TemplateClassData.swift; sourceTree = "<group>"; };
		A413F8B020FDDE6900BE9892 /* DescriptionViewController.swift */ = {isa = PBXFileReference; lastKnownFileType = sourcecode.swift; path = DescriptionViewController.swift; sourceTree = "<group>"; };
		A413F8B220FDDF1400BE9892 /* ScannerViewController.swift */ = {isa = PBXFileReference; lastKnownFileType = sourcecode.swift; path = ScannerViewController.swift; sourceTree = "<group>"; };
		A413F8B420FDE1FE00BE9892 /* TableViewController.swift */ = {isa = PBXFileReference; lastKnownFileType = sourcecode.swift; path = TableViewController.swift; sourceTree = "<group>"; };
		A48513F420FF108D0078F5D2 /* TableViewDataSource.swift */ = {isa = PBXFileReference; lastKnownFileType = sourcecode.swift; path = TableViewDataSource.swift; sourceTree = "<group>"; };
		A48513F720FF15130078F5D2 /* MasterpassQRScanSDK.framework */ = {isa = PBXFileReference; lastKnownFileType = wrapper.framework; name = MasterpassQRScanSDK.framework; path = "../../../Downloads/masterpassqrscansdk-framework-ios/Frameworks/MasterpassQRScanSDK.framework"; sourceTree = "<group>"; };
		A48513F920FF154B0078F5D2 /* MasterpassQRScanSDK.framework */ = {isa = PBXFileReference; lastKnownFileType = wrapper.framework; path = MasterpassQRScanSDK.framework; sourceTree = "<group>"; };
		A48513FE20FF16310078F5D2 /* MPQRScanViewController.swift */ = {isa = PBXFileReference; lastKnownFileType = sourcecode.swift; path = MPQRScanViewController.swift; sourceTree = "<group>"; };
/* End PBXFileReference section */

/* Begin PBXFrameworksBuildPhase section */
		A413F89320FDD66100BE9892 /* Frameworks */ = {
			isa = PBXFrameworksBuildPhase;
			buildActionMask = 2147483647;
			files = (
				A48513FA20FF154B0078F5D2 /* MasterpassQRScanSDK.framework in Frameworks */,
			);
			runOnlyForDeploymentPostprocessing = 0;
		};
/* End PBXFrameworksBuildPhase section */

/* Begin PBXGroup section */
		A413F88D20FDD66000BE9892 = {
			isa = PBXGroup;
			children = (
				A48513F920FF154B0078F5D2 /* MasterpassQRScanSDK.framework */,
				A413F89820FDD66100BE9892 /* EMVCQRScanner */,
				A413F89720FDD66100BE9892 /* Products */,
				A48513F620FF15130078F5D2 /* Frameworks */,
			);
			sourceTree = "<group>";
		};
		A413F89720FDD66100BE9892 /* Products */ = {
			isa = PBXGroup;
			children = (
				A413F89620FDD66100BE9892 /* EMVCQRScanner.app */,
			);
			name = Products;
			sourceTree = "<group>";
		};
		A413F89820FDD66100BE9892 /* EMVCQRScanner */ = {
			isa = PBXGroup;
			children = (
				A413F8B620FDFC9C00BE9892 /* ViewController */,
				A413F89920FDD66100BE9892 /* AppDelegate.swift */,
				A413F89D20FDD66100BE9892 /* Main.storyboard */,
				A413F8A020FDD66300BE9892 /* Assets.xcassets */,
				A413F8A220FDD66300BE9892 /* LaunchScreen.storyboard */,
				A413F8A520FDD66300BE9892 /* Info.plist */,
				A413F8AF20FDDE2A00BE9892 /* Models */,
			);
			path = EMVCQRScanner;
			sourceTree = "<group>";
		};
		A413F8AF20FDDE2A00BE9892 /* Models */ = {
			isa = PBXGroup;
			children = (
				A413F8AB20FDD73C00BE9892 /* EVMCoHelper.swift */,
				A413F8AD20FDDDBC00BE9892 /* TemplateClassData.swift */,
				A48513F420FF108D0078F5D2 /* TableViewDataSource.swift */,
			);
			path = Models;
			sourceTree = "<group>";
		};
		A413F8B620FDFC9C00BE9892 /* ViewController */ = {
			isa = PBXGroup;
			children = (
				A413F8B020FDDE6900BE9892 /* DescriptionViewController.swift */,
				A413F8B220FDDF1400BE9892 /* ScannerViewController.swift */,
				A413F8B420FDE1FE00BE9892 /* TableViewController.swift */,
				A413F89B20FDD66100BE9892 /* ViewController.swift */,
				A48513FE20FF16310078F5D2 /* MPQRScanViewController.swift */,
			);
			path = ViewController;
			sourceTree = "<group>";
		};
		A48513F620FF15130078F5D2 /* Frameworks */ = {
			isa = PBXGroup;
			children = (
				A48513F720FF15130078F5D2 /* MasterpassQRScanSDK.framework */,
			);
			name = Frameworks;
			sourceTree = "<group>";
		};
/* End PBXGroup section */

/* Begin PBXNativeTarget section */
		A413F89520FDD66100BE9892 /* EMVCQRScanner */ = {
			isa = PBXNativeTarget;
			buildConfigurationList = A413F8A820FDD66300BE9892 /* Build configuration list for PBXNativeTarget "EMVCQRScanner" */;
			buildPhases = (
				A413F89220FDD66100BE9892 /* Sources */,
				A413F89320FDD66100BE9892 /* Frameworks */,
				A413F89420FDD66100BE9892 /* Resources */,
				A48513FC20FF154B0078F5D2 /* Embed Frameworks */,
				A48513FD20FF15620078F5D2 /* MasterpassQRScanner */,
			);
			buildRules = (
			);
			dependencies = (
			);
			name = EMVCQRScanner;
			productName = EMVCQRScanner;
			productReference = A413F89620FDD66100BE9892 /* EMVCQRScanner.app */;
			productType = "com.apple.product-type.application";
		};
/* End PBXNativeTarget section */

/* Begin PBXProject section */
		A413F88E20FDD66000BE9892 /* Project object */ = {
			isa = PBXProject;
			attributes = {
				LastSwiftUpdateCheck = 0940;
				LastUpgradeCheck = 0940;
				ORGANIZATIONNAME = "Hovhannes Stepanyan";
				TargetAttributes = {
					A413F89520FDD66100BE9892 = {
						CreatedOnToolsVersion = 9.4.1;
					};
				};
			};
			buildConfigurationList = A413F89120FDD66000BE9892 /* Build configuration list for PBXProject "EMVCQRScanner" */;
			compatibilityVersion = "Xcode 9.3";
			developmentRegion = en;
			hasScannedForEncodings = 0;
			knownRegions = (
				en,
				Base,
			);
			mainGroup = A413F88D20FDD66000BE9892;
			productRefGroup = A413F89720FDD66100BE9892 /* Products */;
			projectDirPath = "";
			projectRoot = "";
			targets = (
				A413F89520FDD66100BE9892 /* EMVCQRScanner */,
			);
		};
/* End PBXProject section */

/* Begin PBXResourcesBuildPhase section */
		A413F89420FDD66100BE9892 /* Resources */ = {
			isa = PBXResourcesBuildPhase;
			buildActionMask = 2147483647;
			files = (
				A413F8A420FDD66300BE9892 /* LaunchScreen.storyboard in Resources */,
				A413F8A120FDD66300BE9892 /* Assets.xcassets in Resources */,
				A413F89F20FDD66100BE9892 /* Main.storyboard in Resources */,
			);
			runOnlyForDeploymentPostprocessing = 0;
		};
/* End PBXResourcesBuildPhase section */

/* Begin PBXShellScriptBuildPhase section */
		A48513FD20FF15620078F5D2 /* MasterpassQRScanner */ = {
			isa = PBXShellScriptBuildPhase;
			buildActionMask = 2147483647;
			files = (
			);
			inputPaths = (
			);
			name = MasterpassQRScanner;
			outputPaths = (
			);
			runOnlyForDeploymentPostprocessing = 0;
			shellPath = /bin/sh;
			shellScript = "bash \"${BUILT_PRODUCTS_DIR}/${FRAMEWORKS_FOLDER_PATH}/MasterpassQRScanSDK.framework/strip-frameworks.sh\"";
		};
/* End PBXShellScriptBuildPhase section */

/* Begin PBXSourcesBuildPhase section */
		A413F89220FDD66100BE9892 /* Sources */ = {
			isa = PBXSourcesBuildPhase;
			buildActionMask = 2147483647;
			files = (
				A413F89C20FDD66100BE9892 /* ViewController.swift in Sources */,
				A48513FF20FF16310078F5D2 /* MPQRScanViewController.swift in Sources */,
				A413F8B320FDDF1400BE9892 /* ScannerViewController.swift in Sources */,
				A48513F520FF108D0078F5D2 /* TableViewDataSource.swift in Sources */,
				A413F89A20FDD66100BE9892 /* AppDelegate.swift in Sources */,
				A413F8AE20FDDDBC00BE9892 /* TemplateClassData.swift in Sources */,
				A413F8B520FDE1FE00BE9892 /* TableViewController.swift in Sources */,
				A413F8B120FDDE6900BE9892 /* DescriptionViewController.swift in Sources */,
				A413F8AC20FDD73C00BE9892 /* EVMCoHelper.swift in Sources */,
			);
			runOnlyForDeploymentPostprocessing = 0;
		};
/* End PBXSourcesBuildPhase section */

/* Begin PBXVariantGroup section */
		A413F89D20FDD66100BE9892 /* Main.storyboard */ = {
			isa = PBXVariantGroup;
			children = (
				A413F89E20FDD66100BE9892 /* Base */,
			);
			name = Main.storyboard;
			sourceTree = "<group>";
		};
		A413F8A220FDD66300BE9892 /* LaunchScreen.storyboard */ = {
			isa = PBXVariantGroup;
			children = (
				A413F8A320FDD66300BE9892 /* Base */,
			);
			name = LaunchScreen.storyboard;
			sourceTree = "<group>";
		};
/* End PBXVariantGroup section */

/* Begin XCBuildConfiguration section */
		A413F8A620FDD66300BE9892 /* Debug */ = {
			isa = XCBuildConfiguration;
			buildSettings = {
				ALWAYS_SEARCH_USER_PATHS = NO;
				CLANG_ANALYZER_NONNULL = YES;
				CLANG_ANALYZER_NUMBER_OBJECT_CONVERSION = YES_AGGRESSIVE;
				CLANG_CXX_LANGUAGE_STANDARD = "gnu++14";
				CLANG_CXX_LIBRARY = "libc++";
				CLANG_ENABLE_MODULES = YES;
				CLANG_ENABLE_OBJC_ARC = YES;
				CLANG_ENABLE_OBJC_WEAK = YES;
				CLANG_WARN_BLOCK_CAPTURE_AUTORELEASING = YES;
				CLANG_WARN_BOOL_CONVERSION = YES;
				CLANG_WARN_COMMA = YES;
				CLANG_WARN_CONSTANT_CONVERSION = YES;
				CLANG_WARN_DEPRECATED_OBJC_IMPLEMENTATIONS = YES;
				CLANG_WARN_DIRECT_OBJC_ISA_USAGE = YES_ERROR;
				CLANG_WARN_DOCUMENTATION_COMMENTS = YES;
				CLANG_WARN_EMPTY_BODY = YES;
				CLANG_WARN_ENUM_CONVERSION = YES;
				CLANG_WARN_INFINITE_RECURSION = YES;
				CLANG_WARN_INT_CONVERSION = YES;
				CLANG_WARN_NON_LITERAL_NULL_CONVERSION = YES;
				CLANG_WARN_OBJC_IMPLICIT_RETAIN_SELF = YES;
				CLANG_WARN_OBJC_LITERAL_CONVERSION = YES;
				CLANG_WARN_OBJC_ROOT_CLASS = YES_ERROR;
				CLANG_WARN_RANGE_LOOP_ANALYSIS = YES;
				CLANG_WARN_STRICT_PROTOTYPES = YES;
				CLANG_WARN_SUSPICIOUS_MOVE = YES;
				CLANG_WARN_UNGUARDED_AVAILABILITY = YES_AGGRESSIVE;
				CLANG_WARN_UNREACHABLE_CODE = YES;
				CLANG_WARN__DUPLICATE_METHOD_MATCH = YES;
				CODE_SIGN_IDENTITY = "iPhone Developer";
				COPY_PHASE_STRIP = NO;
				DEBUG_INFORMATION_FORMAT = dwarf;
				ENABLE_STRICT_OBJC_MSGSEND = YES;
				ENABLE_TESTABILITY = YES;
				GCC_C_LANGUAGE_STANDARD = gnu11;
				GCC_DYNAMIC_NO_PIC = NO;
				GCC_NO_COMMON_BLOCKS = YES;
				GCC_OPTIMIZATION_LEVEL = 0;
				GCC_PREPROCESSOR_DEFINITIONS = (
					"DEBUG=1",
					"$(inherited)",
				);
				GCC_WARN_64_TO_32_BIT_CONVERSION = YES;
				GCC_WARN_ABOUT_RETURN_TYPE = YES_ERROR;
				GCC_WARN_UNDECLARED_SELECTOR = YES;
				GCC_WARN_UNINITIALIZED_AUTOS = YES_AGGRESSIVE;
				GCC_WARN_UNUSED_FUNCTION = YES;
				GCC_WARN_UNUSED_VARIABLE = YES;
				IPHONEOS_DEPLOYMENT_TARGET = 11.4;
				MTL_ENABLE_DEBUG_INFO = YES;
				ONLY_ACTIVE_ARCH = YES;
				SDKROOT = iphoneos;
				SWIFT_ACTIVE_COMPILATION_CONDITIONS = DEBUG;
				SWIFT_OPTIMIZATION_LEVEL = "-Onone";
			};
			name = Debug;
		};
		A413F8A720FDD66300BE9892 /* Release */ = {
			isa = XCBuildConfiguration;
			buildSettings = {
				ALWAYS_SEARCH_USER_PATHS = NO;
				CLANG_ANALYZER_NONNULL = YES;
				CLANG_ANALYZER_NUMBER_OBJECT_CONVERSION = YES_AGGRESSIVE;
				CLANG_CXX_LANGUAGE_STANDARD = "gnu++14";
				CLANG_CXX_LIBRARY = "libc++";
				CLANG_ENABLE_MODULES = YES;
				CLANG_ENABLE_OBJC_ARC = YES;
				CLANG_ENABLE_OBJC_WEAK = YES;
				CLANG_WARN_BLOCK_CAPTURE_AUTORELEASING = YES;
				CLANG_WARN_BOOL_CONVERSION = YES;
				CLANG_WARN_COMMA = YES;
				CLANG_WARN_CONSTANT_CONVERSION = YES;
				CLANG_WARN_DEPRECATED_OBJC_IMPLEMENTATIONS = YES;
				CLANG_WARN_DIRECT_OBJC_ISA_USAGE = YES_ERROR;
				CLANG_WARN_DOCUMENTATION_COMMENTS = YES;
				CLANG_WARN_EMPTY_BODY = YES;
				CLANG_WARN_ENUM_CONVERSION = YES;
				CLANG_WARN_INFINITE_RECURSION = YES;
				CLANG_WARN_INT_CONVERSION = YES;
				CLANG_WARN_NON_LITERAL_NULL_CONVERSION = YES;
				CLANG_WARN_OBJC_IMPLICIT_RETAIN_SELF = YES;
				CLANG_WARN_OBJC_LITERAL_CONVERSION = YES;
				CLANG_WARN_OBJC_ROOT_CLASS = YES_ERROR;
				CLANG_WARN_RANGE_LOOP_ANALYSIS = YES;
				CLANG_WARN_STRICT_PROTOTYPES = YES;
				CLANG_WARN_SUSPICIOUS_MOVE = YES;
				CLANG_WARN_UNGUARDED_AVAILABILITY = YES_AGGRESSIVE;
				CLANG_WARN_UNREACHABLE_CODE = YES;
				CLANG_WARN__DUPLICATE_METHOD_MATCH = YES;
				CODE_SIGN_IDENTITY = "iPhone Developer";
				COPY_PHASE_STRIP = NO;
				DEBUG_INFORMATION_FORMAT = "dwarf-with-dsym";
				ENABLE_NS_ASSERTIONS = NO;
				ENABLE_STRICT_OBJC_MSGSEND = YES;
				GCC_C_LANGUAGE_STANDARD = gnu11;
				GCC_NO_COMMON_BLOCKS = YES;
				GCC_WARN_64_TO_32_BIT_CONVERSION = YES;
				GCC_WARN_ABOUT_RETURN_TYPE = YES_ERROR;
				GCC_WARN_UNDECLARED_SELECTOR = YES;
				GCC_WARN_UNINITIALIZED_AUTOS = YES_AGGRESSIVE;
				GCC_WARN_UNUSED_FUNCTION = YES;
				GCC_WARN_UNUSED_VARIABLE = YES;
				IPHONEOS_DEPLOYMENT_TARGET = 11.4;
				MTL_ENABLE_DEBUG_INFO = NO;
				SDKROOT = iphoneos;
				SWIFT_COMPILATION_MODE = wholemodule;
				SWIFT_OPTIMIZATION_LEVEL = "-O";
				VALIDATE_PRODUCT = YES;
			};
			name = Release;
		};
		A413F8A920FDD66300BE9892 /* Debug */ = {
			isa = XCBuildConfiguration;
			buildSettings = {
				ASSETCATALOG_COMPILER_APPICON_NAME = AppIcon;
				CODE_SIGN_STYLE = Automatic;
				DEVELOPMENT_TEAM = D46YYHA8A9;
				FRAMEWORK_SEARCH_PATHS = (
					"$(inherited)",
					"$(PROJECT_DIR)",
				);
				INFOPLIST_FILE = EMVCQRScanner/Info.plist;
				IPHONEOS_DEPLOYMENT_TARGET = 9.0;
				LD_RUNPATH_SEARCH_PATHS = (
					"$(inherited)",
					"@executable_path/Frameworks",
				);
				PRODUCT_BUNDLE_IDENTIFIER = am.personal.EMVCQRScanner;
				PRODUCT_NAME = "$(TARGET_NAME)";
				SWIFT_VERSION = 4.0;
				TARGETED_DEVICE_FAMILY = "1,2";
			};
			name = Debug;
		};
		A413F8AA20FDD66300BE9892 /* Release */ = {
			isa = XCBuildConfiguration;
			buildSettings = {
				ASSETCATALOG_COMPILER_APPICON_NAME = AppIcon;
				CODE_SIGN_STYLE = Automatic;
				DEVELOPMENT_TEAM = D46YYHA8A9;
				FRAMEWORK_SEARCH_PATHS = (
					"$(inherited)",
					"$(PROJECT_DIR)",
				);
				INFOPLIST_FILE = EMVCQRScanner/Info.plist;
				IPHONEOS_DEPLOYMENT_TARGET = 9.0;
				LD_RUNPATH_SEARCH_PATHS = (
					"$(inherited)",
					"@executable_path/Frameworks",
				);
				PRODUCT_BUNDLE_IDENTIFIER = am.personal.EMVCQRScanner;
				PRODUCT_NAME = "$(TARGET_NAME)";
				SWIFT_VERSION = 4.0;
				TARGETED_DEVICE_FAMILY = "1,2";
			};
			name = Release;
		};
/* End XCBuildConfiguration section */

/* Begin XCConfigurationList section */
		A413F89120FDD66000BE9892 /* Build configuration list for PBXProject "EMVCQRScanner" */ = {
			isa = XCConfigurationList;
			buildConfigurations = (
				A413F8A620FDD66300BE9892 /* Debug */,
				A413F8A720FDD66300BE9892 /* Release */,
			);
			defaultConfigurationIsVisible = 0;
			defaultConfigurationName = Release;
		};
		A413F8A820FDD66300BE9892 /* Build configuration list for PBXNativeTarget "EMVCQRScanner" */ = {
			isa = XCConfigurationList;
			buildConfigurations = (
				A413F8A920FDD66300BE9892 /* Debug */,
				A413F8AA20FDD66300BE9892 /* Release */,
			);
			defaultConfigurationIsVisible = 0;
			defaultConfigurationName = Release;
		};
/* End XCConfigurationList section */
	};
	rootObject = A413F88E20FDD66000BE9892 /* Project object */;
}
